<?xml version="1.0" encoding="utf-8"?>
<Project ToolsVersion="4.0" xmlns="http://schemas.microsoft.com/developer/msbuild/2003">
  <ItemGroup>
    <Filter Include="Resource Files">
      <UniqueIdentifier>{67DA6AB6-F800-4c08-8B7A-83BB121AAD01}</UniqueIdentifier>
      <Extensions>rc;ico;cur;bmp;dlg;rc2;rct;bin;rgs;gif;jpg;jpeg;jpe;resx;tiff;tif;png;wav;mfcribbon-ms</Extensions>
    </Filter>
    <Filter Include="Source Files">
      <UniqueIdentifier>{4FC737F1-C7A5-4376-A066-2A32D752A2FF}</UniqueIdentifier>
      <Extensions>cpp;c;cc;cxx;c++;cppm;ixx;def;odl;idl;hpj;bat;asm;asmx</Extensions>
    </Filter>
    <Filter Include="Source Files\08 Use of functions">
      <UniqueIdentifier>{c43f288f-41fd-4de6-b6be-a538ee03b2e7}</UniqueIdentifier>
    </Filter>
    <Filter Include="Source Files\09 Memory Model and Namespace">
      <UniqueIdentifier>{f4000c03-823b-40fb-903e-1a355e0dd20b}</UniqueIdentifier>
    </Filter>
    <Filter Include="Header Files">
      <UniqueIdentifier>{93995380-89BD-4b04-88EB-625FBE52EBFB}</UniqueIdentifier>
      <Extensions>h;hh;hpp;hxx;h++;hm;inl;inc;ipp;xsd</Extensions>
    </Filter>
  </ItemGroup>
  <ItemGroup>
    <ClCompile Include="08 Use of functions\firstref.cpp">
      <Filter>Source Files\08 Use of functions</Filter>
    </ClCompile>
    <ClCompile Include="08 Use of functions\inline.cpp">
      <Filter>Source Files\08 Use of functions</Filter>
    </ClCompile>
    <ClCompile Include="09 Memory Model and Namespace\file1.cpp">
      <Filter>Source Files\09 Memory Model and Namespace</Filter>
    </ClCompile>
    <ClCompile Include="09 Memory Model and Namespace\file2.cpp">
      <Filter>Source Files\09 Memory Model and Namespace</Filter>
    </ClCompile>
    <ClCompile Include="09 Memory Model and Namespace\autoscp.cpp">
      <Filter>Source Files\09 Memory Model and Namespace</Filter>
    </ClCompile>
    <ClCompile Include="09 Memory Model and Namespace\external1.cpp">
      <Filter>Source Files\09 Memory Model and Namespace</Filter>
    </ClCompile>
    <ClCompile Include="09 Memory Model and Namespace\support.cpp">
      <Filter>Source Files\09 Memory Model and Namespace</Filter>
    </ClCompile>
    <ClCompile Include="09 Memory Model and Namespace\twofile1.cpp">
      <Filter>Source Files\09 Memory Model and Namespace</Filter>
    </ClCompile>
    <ClCompile Include="09 Memory Model and Namespace\twofile2.cpp">
      <Filter>Source Files\09 Memory Model and Namespace</Filter>
    </ClCompile>
    <ClCompile Include="09 Memory Model and Namespace\static.cpp">
      <Filter>Source Files\09 Memory Model and Namespace</Filter>
    </ClCompile>
    <ClCompile Include="09 Memory Model and Namespace\newplace.cpp">
      <Filter>Source Files\09 Memory Model and Namespace</Filter>
    </ClCompile>
    <ClCompile Include="09 Memory Model and Namespace\namesp.cpp">
      <Filter>Source Files\09 Memory Model and Namespace</Filter>
    </ClCompile>
    <ClCompile Include="09 Memory Model and Namespace\usenmsp.cpp">
      <Filter>Source Files\09 Memory Model and Namespace</Filter>
    </ClCompile>
    <ClCompile Include="08 Use of functions\secref.cpp">
      <Filter>Source Files\08 Use of functions</Filter>
    </ClCompile>
    <ClCompile Include="08 Use of functions\swaps.cpp">
      <Filter>Source Files\08 Use of functions</Filter>
    </ClCompile>
    <ClCompile Include="08 Use of functions\cubes.cpp">
      <Filter>Source Files\08 Use of functions</Filter>
    </ClCompile>
    <ClCompile Include="08 Use of functions\strc_ref.cpp">
      <Filter>Source Files\08 Use of functions</Filter>
    </ClCompile>
    <ClCompile Include="08 Use of functions\strquote.cpp">
      <Filter>Source Files\08 Use of functions</Filter>
    </ClCompile>
  </ItemGroup>
  <ItemGroup>
    <None Include="08 Use of functions\README.md">
      <Filter>Source Files\08 Use of functions</Filter>
    </None>
    <None Include="09 Memory Model and Namespace\README.md">
      <Filter>Source Files\09 Memory Model and Namespace</Filter>
    </None>
  </ItemGroup>
  <ItemGroup>
    <ClInclude Include="09 Memory Model and Namespace\coordin.h">
      <Filter>Source Files\09 Memory Model and Namespace</Filter>
    </ClInclude>
    <ClInclude Include="09 Memory Model and Namespace\namesp.h">
      <Filter>Source Files\09 Memory Model and Namespace</Filter>
    </ClInclude>
  </ItemGroup>
</Project>